
Microsoft Visual Studio Solution File, Format Version 12.00
# Visual Studio Version 17
VisualStudioVersion = 17.14.36518.9 d17.14
MinimumVisualStudioVersion = 10.0.40219.1
Project("{FAE04EC0-301F-11D3-BF4B-00C04F79EFBC}") = "myFirstSchoolProject", "myFirstSchoolProject.csproj", "{7FE22B8F-0B86-404E-B681-23EA46751FEB}"
EndProject
Global
	GlobalSection(SolutionConfigurationPlatforms) = preSolution
		Debug|Any CPU = Debug|Any CPU
		Release|Any CPU = Release|Any CPU
	EndGlobalSection
	GlobalSection(ProjectConfigurationPlatforms) = postSolution
		{7FE22B8F-0B86-404E-B681-23EA46751FEB}.Debug|Any CPU.ActiveCfg = Debug|Any CPU
		{7FE22B8F-0B86-404E-B681-23EA46751FEB}.Debug|Any CPU.Build.0 = Debug|Any CPU
		{7FE22B8F-0B86-404E-B681-23EA46751FEB}.Release|Any CPU.ActiveCfg = Release|Any CPU
		{7FE22B8F-0B86-404E-B681-23EA46751FEB}.Release|Any CPU.Build.0 = Release|Any CPU
	EndGlobalSection
	GlobalSection(SolutionProperties) = preSolution
		HideSolutionNode = FALSE
	EndGlobalSection
	GlobalSection(ExtensibilityGlobals) = postSolution
		SolutionGuid = {67744D1D-A84A-4323-B287-1F9C631CE5E0}
	EndGlobalSection
EndGlobal
